
Microsoft Visual Studio Solution File, Format Version 12.00
# Visual Studio 15
VisualStudioVersion = 15.0.28010.2003
MinimumVisualStudioVersion = 10.0.40219.1
Project("{FAE04EC0-301F-11D3-BF4B-00C04F79EFBC}") = "RequestLogger", "RequestLogger\RequestLogger.csproj", "{4DD676FF-F0AC-46A6-B22B-8EA7647BF859}"
EndProject
Project("{FAE04EC0-301F-11D3-BF4B-00C04F79EFBC}") = "RequestsLogger.Repository", "RequestsLogger.Repository\RequestsLogger.Repository.csproj", "{636E136E-355D-4536-8BBB-BD61002C9E8E}"
EndProject
Global
	GlobalSection(SolutionConfigurationPlatforms) = preSolution
		Debug|Any CPU = Debug|Any CPU
		Release|Any CPU = Release|Any CPU
	EndGlobalSection
	GlobalSection(ProjectConfigurationPlatforms) = postSolution
		{4DD676FF-F0AC-46A6-B22B-8EA7647BF859}.Debug|Any CPU.ActiveCfg = Debug|Any CPU
		{4DD676FF-F0AC-46A6-B22B-8EA7647BF859}.Debug|Any CPU.Build.0 = Debug|Any CPU
		{4DD676FF-F0AC-46A6-B22B-8EA7647BF859}.Release|Any CPU.ActiveCfg = Release|Any CPU
		{4DD676FF-F0AC-46A6-B22B-8EA7647BF859}.Release|Any CPU.Build.0 = Release|Any CPU
		{636E136E-355D-4536-8BBB-BD61002C9E8E}.Debug|Any CPU.ActiveCfg = Debug|Any CPU
		{636E136E-355D-4536-8BBB-BD61002C9E8E}.Debug|Any CPU.Build.0 = Debug|Any CPU
		{636E136E-355D-4536-8BBB-BD61002C9E8E}.Release|Any CPU.ActiveCfg = Release|Any CPU
		{636E136E-355D-4536-8BBB-BD61002C9E8E}.Release|Any CPU.Build.0 = Release|Any CPU
	EndGlobalSection
	GlobalSection(SolutionProperties) = preSolution
		HideSolutionNode = FALSE
	EndGlobalSection
	GlobalSection(ExtensibilityGlobals) = postSolution
		SolutionGuid = {DAD5444B-0547-4EEA-A174-AD5A3925AAF0}
	EndGlobalSection
EndGlobal
